{
  "nodes": {
    "nixpkgs": {
      "locked": {
        "lastModified": 1784856561,
        "narHash": "sha256-J+Bx1Z6Oeoj2FgnBhRMKyUhhtDoOpTgXYaVLZpDjW4A=",
        "owner": "NixOS",
        "repo": "nixpkgs",
        "rev": "597283ad8aa0b331c788e97c4c262d58877074ef",
        "type": "github"
      },
      "original": {
        "owner": "NixOS",
        "ref": "nixos-26.05",
        "repo": "nixpkgs",
        "type": "github"
      }
    },
    "rexctl": {
      "inputs": {
        "nixpkgs": [
          "nixpkgs"
        ]
      },
      "locked": {
        "lastModified": 1786106580,
        "narHash": "sha256-3nL3kcmHO7dD+kGVXfQ7Yy34f2wHiw0syp4Nq1wkSPY=",
        "owner": "BlacksQare",
        "repo": "rexctl",
        "rev": "333444bd073cdaa5f380391d612200c923840afa",
        "type": "github"
      },
      "original": {
        "owner": "BlacksQare",
        "repo": "rexctl",
        "type": "github"
      }
    },
    "root": {
      "inputs": {
        "nixpkgs": "nixpkgs",
        "rexctl": "rexctl"
      }
    }
  },
  "root": "root",
  "version": 7
}
